// !$*UTF8*$!
{
	archiveVersion = 1;
	classes = {
	};
	objectVersion = 46;
	objects = {

/* Begin PBXBuildFile section */
		DD17DE9D1E45148A0041994A /* main.m in Sources */ = {isa = PBXBuildFile; fileRef = DD17DE9C1E45148A0041994A /* main.m */; };
		DD17DEA01E45148A0041994A /* AppDelegate.m in Sources */ = {isa = PBXBuildFile; fileRef = DD17DE9F1E45148A0041994A /* AppDelegate.m */; };
		DD17DEA31E45148A0041994A /* ViewController.m in Sources */ = {isa = PBXBuildFile; fileRef = DD17DEA21E45148A0041994A /* ViewController.m */; };
		DD17DEA61E45148A0041994A /* Main.storyboard in Resources */ = {isa = PBXBuildFile; fileRef = DD17DEA41E45148A0041994A /* Main.storyboard */; };
		DD17DEA81E45148A0041994A /* Assets.xcassets in Resources */ = {isa = PBXBuildFile; fileRef = DD17DEA71E45148A0041994A /* Assets.xcassets */; };
		DD17DEAB1E45148A0041994A /* LaunchScreen.storyboard in Resources */ = {isa = PBXBuildFile; fileRef = DD17DEA91E45148A0041994A /* LaunchScreen.storyboard */; };
/* End PBXBuildFile section */

/* Begin PBXFileReference section */
		DD17DE981E45148A0041994A /* Word Processor.app */ = {isa = PBXFileReference; explicitFileType = wrapper.application; includeInIndex = 0; path = "Word Processor.app"; sourceTree = BUILT_PRODUCTS_DIR; };
		DD17DE9C1E45148A0041994A /* main.m */ = {isa = PBXFileReference; lastKnownFileType = sourcecode.c.objc; path = main.m; sourceTree = "<group>"; };
		DD17DE9E1E45148A0041994A /* AppDelegate.h */ = {isa = PBXFileReference; lastKnownFileType = sourcecode.c.h; path = AppDelegate.h; sourceTree = "<group>"; };
		DD17DE9F1E45148A0041994A /* AppDelegate.m */ = {isa = PBXFileReference; lastKnownFileType = sourcecode.c.objc; path = AppDelegate.m; sourceTree = "<group>"; };
		DD17DEA11E45148A0041994A /* ViewController.h */ = {isa = PBXFileReference; lastKnownFileType = sourcecode.c.h; path = ViewController.h; sourceTree = "<group>"; };
		DD17DEA21E45148A0041994A /* ViewController.m */ = {isa = PBXFileReference; lastKnownFileType = sourcecode.c.objc; path = ViewController.m; sourceTree = "<group>"; };
		DD17DEA51E45148A0041994A /* Base */ = {isa = PBXFileReference; lastKnownFileType = file.storyboard; name = Base; path = Base.lproj/Main.storyboard; sourceTree = "<group>"; };
		DD17DEA71E45148A0041994A /* Assets.xcassets */ = {isa = PBXFileReference; lastKnownFileType = folder.assetcatalog; path = Assets.xcassets; sourceTree = "<group>"; };
		DD17DEAA1E45148A0041994A /* Base */ = {isa = PBXFileReference; lastKnownFileType = file.storyboard; name = Base; path = Base.lproj/LaunchScreen.storyboard; sourceTree = "<group>"; };
		DD17DEAC1E45148A0041994A /* Info.plist */ = {isa = PBXFileReference; lastKnownFileType = text.plist.xml; path = Info.plist; sourceTree = "<group>"; };
/* End PBXFileReference section */

/* Begin PBXFrameworksBuildPhase section */
		DD17DE951E45148A0041994A /* Frameworks */ = {
			isa = PBXFrameworksBuildPhase;
			buildActionMask = 2147483647;
			files = (
			);
			runOnlyForDeploymentPostprocessing = 0;
		};
/* End PBXFrameworksBuildPhase section */

/* Begin PBXGroup section */
		DD17DE8F1E45148A0041994A = {
			isa = PBXGroup;
			children = (
				DD17DE9A1E45148A0041994A /* Word Processor */,
				DD17DE991E45148A0041994A /* Products */,
			);
			sourceTree = "<group>";
		};
		DD17DE991E45148A0041994A /* Products */ = {
			isa = PBXGroup;
			children = (
				DD17DE981E45148A0041994A /* Word Processor.app */,
			);
			name = Products;
			sourceTree = "<group>";
		};
		DD17DE9A1E45148A0041994A /* Word Processor */ = {
			isa = PBXGroup;
			children = (
				DD17DE9E1E45148A0041994A /* AppDelegate.h */,
				DD17DE9F1E45148A0041994A /* AppDelegate.m */,
				DD17DEA11E45148A0041994A /* ViewController.h */,
				DD17DEA21E45148A0041994A /* ViewController.m */,
				DD17DEA41E45148A0041994A /* Main.storyboard */,
				DD17DEA71E45148A0041994A /* Assets.xcassets */,
				DD17DEA91E45148A0041994A /* LaunchScreen.storyboard */,
				DD17DEAC1E45148A0041994A /* Info.plist */,
				DD17DE9B1E45148A0041994A /* Supporting Files */,
			);
			path = "Word Processor";
			sourceTree = "<group>";
		};
		DD17DE9B1E45148A0041994A /* Supporting Files */ = {
			isa = PBXGroup;
			children = (
				DD17DE9C1E45148A0041994A /* main.m */,
			);
			name = "Supporting Files";
			sourceTree = "<group>";
		};
/* End PBXGroup section */

/* Begin PBXNativeTarget section */
		DD17DE971E45148A0041994A /* Word Processor */ = {
			isa = PBXNativeTarget;
			buildConfigurationList = DD17DEAF1E45148A0041994A /* Build configuration list for PBXNativeTarget "Word Processor" */;
			buildPhases = (
				DD17DE941E45148A0041994A /* Sources */,
				DD17DE951E45148A0041994A /* Frameworks */,
				DD17DE961E45148A0041994A /* Resources */,
			);
			buildRules = (
			);
			dependencies = (
			);
			name = "Word Processor";
			productName = "Word Processor";
			productReference = DD17DE981E45148A0041994A /* Word Processor.app */;
			productType = "com.apple.product-type.application";
		};
/* End PBXNativeTarget section */

/* Begin PBXProject section */
		DD17DE901E45148A0041994A /* Project object */ = {
			isa = PBXProject;
			attributes = {
				LastUpgradeCheck = 0810;
				ORGANIZATIONNAME = Klas;
				TargetAttributes = {
					DD17DE971E45148A0041994A = {
						CreatedOnToolsVersion = 8.1;
						ProvisioningStyle = Automatic;
					};
				};
			};
			buildConfigurationList = DD17DE931E45148A0041994A /* Build configuration list for PBXProject "Word Processor" */;
			compatibilityVersion = "Xcode 3.2";
			developmentRegion = English;
			hasScannedForEncodings = 0;
			knownRegions = (
				en,
				Base,
			);
			mainGroup = DD17DE8F1E45148A0041994A;
			productRefGroup = DD17DE991E45148A0041994A /* Products */;
			projectDirPath = "";
			projectRoot = "";
			targets = (
				DD17DE971E45148A0041994A /* Word Processor */,
			);
		};
/* End PBXProject section */

/* Begin PBXResourcesBuildPhase section */
		DD17DE961E45148A0041994A /* Resources */ = {
			isa = PBXResourcesBuildPhase;
			buildActionMask = 2147483647;
			files = (
				DD17DEAB1E45148A0041994A /* LaunchScreen.storyboard in Resources */,
				DD17DEA81E45148A0041994A /* Assets.xcassets in Resources */,
				DD17DEA61E45148A0041994A /* Main.storyboard in Resources */,
			);
			runOnlyForDeploymentPostprocessing = 0;
		};
/* End PBXResourcesBuildPhase section */

/* Begin PBXSourcesBuildPhase section */
		DD17DE941E45148A0041994A /* Sources */ = {
			isa = PBXSourcesBuildPhase;
			buildActionMask = 2147483647;
			files = (
				DD17DEA31E45148A0041994A /* ViewController.m in Sources */,
				DD17DEA01E45148A0041994A /* AppDelegate.m in Sources */,
				DD17DE9D1E45148A0041994A /* main.m in Sources */,
			);
			runOnlyForDeploymentPostprocessing = 0;
		};
/* End PBXSourcesBuildPhase section */

/* Begin PBXVariantGroup section */
		DD17DEA41E45148A0041994A /* Main.storyboard */ = {
			isa = PBXVariantGroup;
			children = (
				DD17DEA51E45148A0041994A /* Base */,
			);
			name = Main.storyboard;
			sourceTree = "<group>";
		};
		DD17DEA91E45148A0041994A /* LaunchScreen.storyboard */ = {
			isa = PBXVariantGroup;
			children = (
				DD17DEAA1E45148A0041994A /* Base */,
			);
			name = LaunchScreen.storyboard;
			sourceTree = "<group>";
		};
/* End PBXVariantGroup section */

/* Begin XCBuildConfiguration section */
		DD17DEAD1E45148A0041994A /* Debug */ = {
			isa = XCBuildConfiguration;
			buildSettings = {
				ALWAYS_SEARCH_USER_PATHS = NO;
				CLANG_ANALYZER_NONNULL = YES;
				CLANG_CXX_LANGUAGE_STANDARD = "gnu++0x";
				CLANG_CXX_LIBRARY = "libc++";
				CLANG_ENABLE_MODULES = YES;
				CLANG_ENABLE_OBJC_ARC = YES;
				CLANG_WARN_BOOL_CONVERSION = YES;
				CLANG_WARN_CONSTANT_CONVERSION = YES;
				CLANG_WARN_DIRECT_OBJC_ISA_USAGE = YES_ERROR;
				CLANG_WARN_DOCUMENTATION_COMMENTS = YES;
				CLANG_WARN_EMPTY_BODY = YES;
				CLANG_WARN_ENUM_CONVERSION = YES;
				CLANG_WARN_INFINITE_RECURSION = YES;
				CLANG_WARN_INT_CONVERSION = YES;
				CLANG_WARN_OBJC_ROOT_CLASS = YES_ERROR;
				CLANG_WARN_SUSPICIOUS_MOVES = YES;
				CLANG_WARN_UNREACHABLE_CODE = YES;
				CLANG_WARN__DUPLICATE_METHOD_MATCH = YES;
				"CODE_SIGN_IDENTITY[sdk=iphoneos*]" = "iPhone Developer";
				COPY_PHASE_STRIP = NO;
				DEBUG_INFORMATION_FORMAT = dwarf;
				ENABLE_STRICT_OBJC_MSGSEND = YES;
				ENABLE_TESTABILITY = YES;
				GCC_C_LANGUAGE_STANDARD = gnu99;
				GCC_DYNAMIC_NO_PIC = NO;
				GCC_NO_COMMON_BLOCKS = YES;
				GCC_OPTIMIZATION_LEVEL = 0;
				GCC_PREPROCESSOR_DEFINITIONS = (
					"DEBUG=1",
					"$(inherited)",
				);
				GCC_WARN_64_TO_32_BIT_CONVERSION = YES;
				GCC_WARN_ABOUT_RETURN_TYPE = YES_ERROR;
				GCC_WARN_UNDECLARED_SELECTOR = YES;
				GCC_WARN_UNINITIALIZED_AUTOS = YES_AGGRESSIVE;
				GCC_WARN_UNUSED_FUNCTION = YES;
				GCC_WARN_UNUSED_VARIABLE = YES;
				IPHONEOS_DEPLOYMENT_TARGET = 10.1;
				MTL_ENABLE_DEBUG_INFO = YES;
				ONLY_ACTIVE_ARCH = YES;
				SDKROOT = iphoneos;
				TARGETED_DEVICE_FAMILY = "1,2";
			};
			name = Debug;
		};
		DD17DEAE1E45148A0041994A /* Release */ = {
			isa = XCBuildConfiguration;
			buildSettings = {
				ALWAYS_SEARCH_USER_PATHS = NO;
				CLANG_ANALYZER_NONNULL = YES;
				CLANG_CXX_LANGUAGE_STANDARD = "gnu++0x";
				CLANG_CXX_LIBRARY = "libc++";
				CLANG_ENABLE_MODULES = YES;
				CLANG_ENABLE_OBJC_ARC = YES;
				CLANG_WARN_BOOL_CONVERSION = YES;
				CLANG_WARN_CONSTANT_CONVERSION = YES;
				CLANG_WARN_DIRECT_OBJC_ISA_USAGE = YES_ERROR;
				CLANG_WARN_DOCUMENTATION_COMMENTS = YES;
				CLANG_WARN_EMPTY_BODY = YES;
				CLANG_WARN_ENUM_CONVERSION = YES;
				CLANG_WARN_INFINITE_RECURSION = YES;
				CLANG_WARN_INT_CONVERSION = YES;
				CLANG_WARN_OBJC_ROOT_CLASS = YES_ERROR;
				CLANG_WARN_SUSPICIOUS_MOVES = YES;
				CLANG_WARN_UNREACHABLE_CODE = YES;
				CLANG_WARN__DUPLICATE_METHOD_MATCH = YES;
				"CODE_SIGN_IDENTITY[sdk=iphoneos*]" = "iPhone Developer";
				COPY_PHASE_STRIP = NO;
				DEBUG_INFORMATION_FORMAT = "dwarf-with-dsym";
				ENABLE_NS_ASSERTIONS = NO;
				ENABLE_STRICT_OBJC_MSGSEND = YES;
				GCC_C_LANGUAGE_STANDARD = gnu99;
				GCC_NO_COMMON_BLOCKS = YES;
				GCC_WARN_64_TO_32_BIT_CONVERSION = YES;
				GCC_WARN_ABOUT_RETURN_TYPE = YES_ERROR;
				GCC_WARN_UNDECLARED_SELECTOR = YES;
				GCC_WARN_UNINITIALIZED_AUTOS = YES_AGGRESSIVE;
				GCC_WARN_UNUSED_FUNCTION = YES;
				GCC_WARN_UNUSED_VARIABLE = YES;
				IPHONEOS_DEPLOYMENT_TARGET = 10.1;
				MTL_ENABLE_DEBUG_INFO = NO;
				SDKROOT = iphoneos;
				TARGETED_DEVICE_FAMILY = "1,2";
				VALIDATE_PRODUCT = YES;
			};
			name = Release;
		};
		DD17DEB01E45148A0041994A /* Debug */ = {
			isa = XCBuildConfiguration;
			buildSettings = {
				ASSETCATALOG_COMPILER_APPICON_NAME = AppIcon;
				INFOPLIST_FILE = "Word Processor/Info.plist";
				LD_RUNPATH_SEARCH_PATHS = "$(inherited) @executable_path/Frameworks";
				PRODUCT_BUNDLE_IDENTIFIER = "Klas.Word-Processor";
				PRODUCT_NAME = "$(TARGET_NAME)";
			};
			name = Debug;
		};
		DD17DEB11E45148A0041994A /* Release */ = {
			isa = XCBuildConfiguration;
			buildSettings = {
				ASSETCATALOG_COMPILER_APPICON_NAME = AppIcon;
				INFOPLIST_FILE = "Word Processor/Info.plist";
				LD_RUNPATH_SEARCH_PATHS = "$(inherited) @executable_path/Frameworks";
				PRODUCT_BUNDLE_IDENTIFIER = "Klas.Word-Processor";
				PRODUCT_NAME = "$(TARGET_NAME)";
			};
			name = Release;
		};
/* End XCBuildConfiguration section */

/* Begin XCConfigurationList section */
		DD17DE931E45148A0041994A /* Build configuration list for PBXProject "Word Processor" */ = {
			isa = XCConfigurationList;
			buildConfigurations = (
				DD17DEAD1E45148A0041994A /* Debug */,
				DD17DEAE1E45148A0041994A /* Release */,
			);
			defaultConfigurationIsVisible = 0;
			defaultConfigurationName = Release;
		};
		DD17DEAF1E45148A0041994A /* Build configuration list for PBXNativeTarget "Word Processor" */ = {
			isa = XCConfigurationList;
			buildConfigurations = (
				DD17DEB01E45148A0041994A /* Debug */,
				DD17DEB11E45148A0041994A /* Release */,
			);
			defaultConfigurationIsVisible = 0;
		};
/* End XCConfigurationList section */
	};
	rootObject = DD17DE901E45148A0041994A /* Project object */;
}
